Microsoft Visual Studio Solution File, Format Version 12.00
# Visual Studio 15
VisualStudioVersion = 15.0.27703.2035
MinimumVisualStudioVersion = 10.0.40219.1
Project("{D954291E-2A0B-460D-934E-DC6B0785DB48}") = "FormsTestApp", "FormsTestApp\FormsTestApp.shproj", "{340946AB-DA39-472D-BC6E-B2B1CA4E0EFF}"
EndProject
Project("{FAE04EC0-301F-11D3-BF4B-00C04F79EFBC}") = "FormsTestApp.iOS", "iOS\FormsTestApp.iOS.csproj", "{E50EA1BF-6C00-411D-AFFD-AB46F3EC881B}"
EndProject
Project("{FAE04EC0-301F-11D3-BF4B-00C04F79EFBC}") = "FormsTestApp.Droid", "Droid\FormsTestApp.Droid.csproj", "{467A7EF3-E529-41F8-858C-626B82E247C9}"
EndProject
Global
	GlobalSection(SharedMSBuildProjectFiles) = preSolution
		FormsTestApp\FormsTestApp.projitems*{340946ab-da39-472d-bc6e-b2b1ca4e0eff}*SharedItemsImports = 13
		FormsTestApp\FormsTestApp.projitems*{467a7ef3-e529-41f8-858c-626b82e247c9}*SharedItemsImports = 4
		FormsTestApp\FormsTestApp.projitems*{e50ea1bf-6c00-411d-affd-ab46f3ec881b}*SharedItemsImports = 4
	EndGlobalSection
	GlobalSection(SolutionConfigurationPlatforms) = preSolution
		Debug|Any CPU = Debug|Any CPU
		Debug|iPhone = Debug|iPhone
		Debug|iPhoneSimulator = Debug|iPhoneSimulator
		Release|Any CPU = Release|Any CPU
		Release|iPhone = Release|iPhone
		Release|iPhoneSimulator = Release|iPhoneSimulator
	EndGlobalSection
	GlobalSection(ProjectConfigurationPlatforms) = postSolution
		{E50EA1BF-6C00-411D-AFFD-AB46F3EC881B}.Debug|Any CPU.ActiveCfg = Debug|iPhoneSimulator
		{E50EA1BF-6C00-411D-AFFD-AB46F3EC881B}.Debug|Any CPU.Build.0 = Debug|iPhoneSimulator
		{E50EA1BF-6C00-411D-AFFD-AB46F3EC881B}.Debug|iPhone.ActiveCfg = Debug|iPhone
		{E50EA1BF-6C00-411D-AFFD-AB46F3EC881B}.Debug|iPhone.Build.0 = Debug|iPhone
		{E50EA1BF-6C00-411D-AFFD-AB46F3EC881B}.Debug|iPhoneSimulator.ActiveCfg = Debug|iPhoneSimulator
		{E50EA1BF-6C00-411D-AFFD-AB46F3EC881B}.Debug|iPhoneSimulator.Build.0 = Debug|iPhoneSimulator
		{E50EA1BF-6C00-411D-AFFD-AB46F3EC881B}.Release|Any CPU.ActiveCfg = Release|iPhone
		{E50EA1BF-6C00-411D-AFFD-AB46F3EC881B}.Release|Any CPU.Build.0 = Release|iPhone
		{E50EA1BF-6C00-411D-AFFD-AB46F3EC881B}.Release|iPhone.ActiveCfg = Release|iPhone
		{E50EA1BF-6C00-411D-AFFD-AB46F3EC881B}.Release|iPhone.Build.0 = Release|iPhone
		{E50EA1BF-6C00-411D-AFFD-AB46F3EC881B}.Release|iPhoneSimulator.ActiveCfg = Release|iPhoneSimulator
		{E50EA1BF-6C00-411D-AFFD-AB46F3EC881B}.Release|iPhoneSimulator.Build.0 = Release|iPhoneSimulator
		{467A7EF3-E529-41F8-858C-626B82E247C9}.Debug|Any CPU.ActiveCfg = Debug|Any CPU
		{467A7EF3-E529-41F8-858C-626B82E247C9}.Debug|Any CPU.Build.0 = Debug|Any CPU
		{467A7EF3-E529-41F8-858C-626B82E247C9}.Debug|iPhone.ActiveCfg = Debug|Any CPU
		{467A7EF3-E529-41F8-858C-626B82E247C9}.Debug|iPhoneSimulator.ActiveCfg = Debug|Any CPU
		{467A7EF3-E529-41F8-858C-626B82E247C9}.Debug|iPhoneSimulator.Build.0 = Debug|Any CPU
		{467A7EF3-E529-41F8-858C-626B82E247C9}.Release|Any CPU.ActiveCfg = Release|Any CPU
		{467A7EF3-E529-41F8-858C-626B82E247C9}.Release|Any CPU.Build.0 = Release|Any CPU
		{467A7EF3-E529-41F8-858C-626B82E247C9}.Release|iPhone.ActiveCfg = Release|Any CPU
		{467A7EF3-E529-41F8-858C-626B82E247C9}.Release|iPhone.Build.0 = Release|Any CPU
		{467A7EF3-E529-41F8-858C-626B82E247C9}.Release|iPhoneSimulator.ActiveCfg = Release|Any CPU
		{467A7EF3-E529-41F8-858C-626B82E247C9}.Release|iPhoneSimulator.Build.0 = Release|Any CPU
	EndGlobalSection
	GlobalSection(SolutionProperties) = preSolution
		HideSolutionNode = FALSE
	EndGlobalSection
	GlobalSection(ExtensibilityGlobals) = postSolution
		SolutionGuid = {07A4A0D9-2005-4AAD-B8A5-5229FC531B57}
	EndGlobalSection
EndGlobal
